
Microsoft Visual Studio Solution File, Format Version 12.00
# Visual Studio 15
VisualStudioVersion = 15.0.27428.1
MinimumVisualStudioVersion = 10.0.40219.1
Project("{FAE04EC0-301F-11D3-BF4B-00C04F79EFBC}") = "ZhangxpWeb", "ZhangxpWeb\ZhangxpWeb.csproj", "{09566C9D-28C3-4988-93D4-E4E5489E9897}"
EndProject
Global
	GlobalSection(SolutionConfigurationPlatforms) = preSolution
		Debug|Any CPU = Debug|Any CPU
		Release|Any CPU = Release|Any CPU
	EndGlobalSection
	GlobalSection(ProjectConfigurationPlatforms) = postSolution
		{09566C9D-28C3-4988-93D4-E4E5489E9897}.Debug|Any CPU.ActiveCfg = Debug|Any CPU
		{09566C9D-28C3-4988-93D4-E4E5489E9897}.Debug|Any CPU.Build.0 = Debug|Any CPU
		{09566C9D-28C3-4988-93D4-E4E5489E9897}.Release|Any CPU.ActiveCfg = Release|Any CPU
		{09566C9D-28C3-4988-93D4-E4E5489E9897}.Release|Any CPU.Build.0 = Release|Any CPU
	EndGlobalSection
	GlobalSection(SolutionProperties) = preSolution
		HideSolutionNode = FALSE
	EndGlobalSection
	GlobalSection(ExtensibilityGlobals) = postSolution
		SolutionGuid = {4F8B5016-5445-4203-BFE9-DA07D6F31B92}
	EndGlobalSection
EndGlobal
